// !$*UTF8*$!
{
	archiveVersion = 1;
	classes = {
	};
	objectVersion = 50;
	objects = {

/* Begin PBXBuildFile section */
		35CA484CFD9D76AF94E1C214 /* Pods_blaze.framework in Frameworks */ = {isa = PBXBuildFile; fileRef = BD8ABF0690C08A755E7A4A0F /* Pods_blaze.framework */; };
		DE18CC6A22A3A86D00E03FFB /* UtilitiesColouring.m in Sources */ = {isa = PBXBuildFile; fileRef = DE18CC6922A3A86D00E03FFB /* UtilitiesColouring.m */; };
		DE18CC7322A3CE0000E03FFB /* BlazeBlackButton.m in Sources */ = {isa = PBXBuildFile; fileRef = DE18CC7222A3CE0000E03FFB /* BlazeBlackButton.m */; };
		DE18CC7622A3CE1C00E03FFB /* BlazeClearButton.m in Sources */ = {isa = PBXBuildFile; fileRef = DE18CC7522A3CE1C00E03FFB /* BlazeClearButton.m */; };
		DE18CC7922A3CE5900E03FFB /* BlazeUITextField.m in Sources */ = {isa = PBXBuildFile; fileRef = DE18CC7822A3CE5900E03FFB /* BlazeUITextField.m */; };
		DE18CC7C22A3CF2200E03FFB /* BlazeYellowButton.m in Sources */ = {isa = PBXBuildFile; fileRef = DE18CC7B22A3CF2200E03FFB /* BlazeYellowButton.m */; };
		DE18CC7F22A3D0BA00E03FFB /* BlazeWhiteButton.m in Sources */ = {isa = PBXBuildFile; fileRef = DE18CC7E22A3D0BA00E03FFB /* BlazeWhiteButton.m */; };
		DE18CC8222A3D27C00E03FFB /* BlazeToogleButtonTemplate.m in Sources */ = {isa = PBXBuildFile; fileRef = DE18CC8122A3D27C00E03FFB /* BlazeToogleButtonTemplate.m */; };
		DE18CC8522A6228800E03FFB /* BlazeDropDownTextField.m in Sources */ = {isa = PBXBuildFile; fileRef = DE18CC8422A6228800E03FFB /* BlazeDropDownTextField.m */; };
		DE2F679D22A107B100CD4787 /* InitializationViewController.m in Sources */ = {isa = PBXBuildFile; fileRef = DE2F679C22A107B100CD4787 /* InitializationViewController.m */; };
		DE2F67CA22A16CAB00CD4787 /* BaseViewController.m in Sources */ = {isa = PBXBuildFile; fileRef = DE2F67C922A16CAB00CD4787 /* BaseViewController.m */; };
		DE2F67CD22A16FF600CD4787 /* LoginViewController.m in Sources */ = {isa = PBXBuildFile; fileRef = DE2F67CC22A16FF600CD4787 /* LoginViewController.m */; };
		DE2F67D322A1A3DB00CD4787 /* RegisterStepOneViewController.m in Sources */ = {isa = PBXBuildFile; fileRef = DE2F67D222A1A3DB00CD4787 /* RegisterStepOneViewController.m */; };
		DE2F67D722A1A88600CD4787 /* RegistrationStepTwoViewController.m in Sources */ = {isa = PBXBuildFile; fileRef = DE2F67D622A1A88600CD4787 /* RegistrationStepTwoViewController.m */; };
		DE2F67DA22A1A89700CD4787 /* RegistrationStepThreeViewController.m in Sources */ = {isa = PBXBuildFile; fileRef = DE2F67D922A1A89700CD4787 /* RegistrationStepThreeViewController.m */; };
		DE2F67DD22A1ADD500CD4787 /* PhoneNumberRegistrationViewController.m in Sources */ = {isa = PBXBuildFile; fileRef = DE2F67DC22A1ADD500CD4787 /* PhoneNumberRegistrationViewController.m */; };
		DE7E15BC229C297900100B81 /* AppDelegate.m in Sources */ = {isa = PBXBuildFile; fileRef = DE7E15BB229C297900100B81 /* AppDelegate.m */; };
		DE7E15BF229C297900100B81 /* ViewController.m in Sources */ = {isa = PBXBuildFile; fileRef = DE7E15BE229C297900100B81 /* ViewController.m */; };
		DE7E15C2229C297900100B81 /* Main.storyboard in Resources */ = {isa = PBXBuildFile; fileRef = DE7E15C0229C297900100B81 /* Main.storyboard */; };
		DE7E15C4229C297B00100B81 /* Assets.xcassets in Resources */ = {isa = PBXBuildFile; fileRef = DE7E15C3229C297B00100B81 /* Assets.xcassets */; };
		DE7E15C7229C297B00100B81 /* LaunchScreen.storyboard in Resources */ = {isa = PBXBuildFile; fileRef = DE7E15C5229C297B00100B81 /* LaunchScreen.storyboard */; };
		DE7E15CA229C297B00100B81 /* main.m in Sources */ = {isa = PBXBuildFile; fileRef = DE7E15C9229C297B00100B81 /* main.m */; };
/* End PBXBuildFile section */

/* Begin PBXFileReference section */
		5F23D83417071FE5B2BCDE7A /* Pods-blaze.release.xcconfig */ = {isa = PBXFileReference; includeInIndex = 1; lastKnownFileType = text.xcconfig; name = "Pods-blaze.release.xcconfig"; path = "Pods/Target Support Files/Pods-blaze/Pods-blaze.release.xcconfig"; sourceTree = "<group>"; };
		5F7B30BF2B27FF628F0D9D5F /* Pods-blaze.debug.xcconfig */ = {isa = PBXFileReference; includeInIndex = 1; lastKnownFileType = text.xcconfig; name = "Pods-blaze.debug.xcconfig"; path = "Pods/Target Support Files/Pods-blaze/Pods-blaze.debug.xcconfig"; sourceTree = "<group>"; };
		BD8ABF0690C08A755E7A4A0F /* Pods_blaze.framework */ = {isa = PBXFileReference; explicitFileType = wrapper.framework; includeInIndex = 0; path = Pods_blaze.framework; sourceTree = BUILT_PRODUCTS_DIR; };
		DE18CC6822A3A86D00E03FFB /* UtilitiesColouring.h */ = {isa = PBXFileReference; lastKnownFileType = sourcecode.c.h; path = UtilitiesColouring.h; sourceTree = "<group>"; };
		DE18CC6922A3A86D00E03FFB /* UtilitiesColouring.m */ = {isa = PBXFileReference; lastKnownFileType = sourcecode.c.objc; path = UtilitiesColouring.m; sourceTree = "<group>"; };
		DE18CC7122A3CE0000E03FFB /* BlazeBlackButton.h */ = {isa = PBXFileReference; lastKnownFileType = sourcecode.c.h; path = BlazeBlackButton.h; sourceTree = "<group>"; };
		DE18CC7222A3CE0000E03FFB /* BlazeBlackButton.m */ = {isa = PBXFileReference; lastKnownFileType = sourcecode.c.objc; path = BlazeBlackButton.m; sourceTree = "<group>"; };
		DE18CC7422A3CE1C00E03FFB /* BlazeClearButton.h */ = {isa = PBXFileReference; lastKnownFileType = sourcecode.c.h; path = BlazeClearButton.h; sourceTree = "<group>"; };
		DE18CC7522A3CE1C00E03FFB /* BlazeClearButton.m */ = {isa = PBXFileReference; lastKnownFileType = sourcecode.c.objc; path = BlazeClearButton.m; sourceTree = "<group>"; };
		DE18CC7722A3CE5900E03FFB /* BlazeUITextField.h */ = {isa = PBXFileReference; lastKnownFileType = sourcecode.c.h; path = BlazeUITextField.h; sourceTree = "<group>"; };
		DE18CC7822A3CE5900E03FFB /* BlazeUITextField.m */ = {isa = PBXFileReference; lastKnownFileType = sourcecode.c.objc; path = BlazeUITextField.m; sourceTree = "<group>"; };
		DE18CC7A22A3CF2200E03FFB /* BlazeYellowButton.h */ = {isa = PBXFileReference; lastKnownFileType = sourcecode.c.h; path = BlazeYellowButton.h; sourceTree = "<group>"; };
		DE18CC7B22A3CF2200E03FFB /* BlazeYellowButton.m */ = {isa = PBXFileReference; lastKnownFileType = sourcecode.c.objc; path = BlazeYellowButton.m; sourceTree = "<group>"; };
		DE18CC7D22A3D0BA00E03FFB /* BlazeWhiteButton.h */ = {isa = PBXFileReference; lastKnownFileType = sourcecode.c.h; path = BlazeWhiteButton.h; sourceTree = "<group>"; };
		DE18CC7E22A3D0BA00E03FFB /* BlazeWhiteButton.m */ = {isa = PBXFileReference; lastKnownFileType = sourcecode.c.objc; path = BlazeWhiteButton.m; sourceTree = "<group>"; };
		DE18CC8022A3D27C00E03FFB /* BlazeToogleButtonTemplate.h */ = {isa = PBXFileReference; lastKnownFileType = sourcecode.c.h; path = BlazeToogleButtonTemplate.h; sourceTree = "<group>"; };
		DE18CC8122A3D27C00E03FFB /* BlazeToogleButtonTemplate.m */ = {isa = PBXFileReference; lastKnownFileType = sourcecode.c.objc; path = BlazeToogleButtonTemplate.m; sourceTree = "<group>"; };
		DE18CC8322A6228800E03FFB /* BlazeDropDownTextField.h */ = {isa = PBXFileReference; lastKnownFileType = sourcecode.c.h; path = BlazeDropDownTextField.h; sourceTree = "<group>"; };
		DE18CC8422A6228800E03FFB /* BlazeDropDownTextField.m */ = {isa = PBXFileReference; lastKnownFileType = sourcecode.c.objc; path = BlazeDropDownTextField.m; sourceTree = "<group>"; };
		DE2F679B22A107B100CD4787 /* InitializationViewController.h */ = {isa = PBXFileReference; lastKnownFileType = sourcecode.c.h; path = InitializationViewController.h; sourceTree = "<group>"; };
		DE2F679C22A107B100CD4787 /* InitializationViewController.m */ = {isa = PBXFileReference; lastKnownFileType = sourcecode.c.objc; path = InitializationViewController.m; sourceTree = "<group>"; };
		DE2F67C822A16CAB00CD4787 /* BaseViewController.h */ = {isa = PBXFileReference; lastKnownFileType = sourcecode.c.h; path = BaseViewController.h; sourceTree = "<group>"; };
		DE2F67C922A16CAB00CD4787 /* BaseViewController.m */ = {isa = PBXFileReference; lastKnownFileType = sourcecode.c.objc; path = BaseViewController.m; sourceTree = "<group>"; };
		DE2F67CB22A16FF600CD4787 /* LoginViewController.h */ = {isa = PBXFileReference; lastKnownFileType = sourcecode.c.h; path = LoginViewController.h; sourceTree = "<group>"; };
		DE2F67CC22A16FF600CD4787 /* LoginViewController.m */ = {isa = PBXFileReference; lastKnownFileType = sourcecode.c.objc; path = LoginViewController.m; sourceTree = "<group>"; };
		DE2F67D122A1A3DB00CD4787 /* RegisterStepOneViewController.h */ = {isa = PBXFileReference; lastKnownFileType = sourcecode.c.h; path = RegisterStepOneViewController.h; sourceTree = "<group>"; };
		DE2F67D222A1A3DB00CD4787 /* RegisterStepOneViewController.m */ = {isa = PBXFileReference; lastKnownFileType = sourcecode.c.objc; path = RegisterStepOneViewController.m; sourceTree = "<group>"; };
		DE2F67D522A1A88600CD4787 /* RegistrationStepTwoViewController.h */ = {isa = PBXFileReference; lastKnownFileType = sourcecode.c.h; path = RegistrationStepTwoViewController.h; sourceTree = "<group>"; };
		DE2F67D622A1A88600CD4787 /* RegistrationStepTwoViewController.m */ = {isa = PBXFileReference; lastKnownFileType = sourcecode.c.objc; path = RegistrationStepTwoViewController.m; sourceTree = "<group>"; };
		DE2F67D822A1A89700CD4787 /* RegistrationStepThreeViewController.h */ = {isa = PBXFileReference; lastKnownFileType = sourcecode.c.h; path = RegistrationStepThreeViewController.h; sourceTree = "<group>"; };
		DE2F67D922A1A89700CD4787 /* RegistrationStepThreeViewController.m */ = {isa = PBXFileReference; lastKnownFileType = sourcecode.c.objc; path = RegistrationStepThreeViewController.m; sourceTree = "<group>"; };
		DE2F67DB22A1ADD500CD4787 /* PhoneNumberRegistrationViewController.h */ = {isa = PBXFileReference; lastKnownFileType = sourcecode.c.h; path = PhoneNumberRegistrationViewController.h; sourceTree = "<group>"; };
		DE2F67DC22A1ADD500CD4787 /* PhoneNumberRegistrationViewController.m */ = {isa = PBXFileReference; lastKnownFileType = sourcecode.c.objc; path = PhoneNumberRegistrationViewController.m; sourceTree = "<group>"; };
		DE7E15B7229C297900100B81 /* blaze.app */ = {isa = PBXFileReference; explicitFileType = wrapper.application; includeInIndex = 0; path = blaze.app; sourceTree = BUILT_PRODUCTS_DIR; };
		DE7E15BA229C297900100B81 /* AppDelegate.h */ = {isa = PBXFileReference; lastKnownFileType = sourcecode.c.h; path = AppDelegate.h; sourceTree = "<group>"; };
		DE7E15BB229C297900100B81 /* AppDelegate.m */ = {isa = PBXFileReference; lastKnownFileType = sourcecode.c.objc; path = AppDelegate.m; sourceTree = "<group>"; };
		DE7E15BD229C297900100B81 /* ViewController.h */ = {isa = PBXFileReference; lastKnownFileType = sourcecode.c.h; path = ViewController.h; sourceTree = "<group>"; };
		DE7E15BE229C297900100B81 /* ViewController.m */ = {isa = PBXFileReference; lastKnownFileType = sourcecode.c.objc; path = ViewController.m; sourceTree = "<group>"; };
		DE7E15C1229C297900100B81 /* Base */ = {isa = PBXFileReference; lastKnownFileType = file.storyboard; name = Base; path = Base.lproj/Main.storyboard; sourceTree = "<group>"; };
		DE7E15C3229C297B00100B81 /* Assets.xcassets */ = {isa = PBXFileReference; lastKnownFileType = folder.assetcatalog; path = Assets.xcassets; sourceTree = "<group>"; };
		DE7E15C6229C297B00100B81 /* Base */ = {isa = PBXFileReference; lastKnownFileType = file.storyboard; name = Base; path = Base.lproj/LaunchScreen.storyboard; sourceTree = "<group>"; };
		DE7E15C8229C297B00100B81 /* Info.plist */ = {isa = PBXFileReference; lastKnownFileType = text.plist.xml; path = Info.plist; sourceTree = "<group>"; };
		DE7E15C9229C297B00100B81 /* main.m */ = {isa = PBXFileReference; lastKnownFileType = sourcecode.c.objc; path = main.m; sourceTree = "<group>"; };
/* End PBXFileReference section */

/* Begin PBXFrameworksBuildPhase section */
		DE7E15B4229C297900100B81 /* Frameworks */ = {
			isa = PBXFrameworksBuildPhase;
			buildActionMask = 2147483647;
			files = (
				35CA484CFD9D76AF94E1C214 /* Pods_blaze.framework in Frameworks */,
			);
			runOnlyForDeploymentPostprocessing = 0;
		};
/* End PBXFrameworksBuildPhase section */

/* Begin PBXGroup section */
		7E6FFCE003EAF9A18A848AA3 /* Frameworks */ = {
			isa = PBXGroup;
			children = (
				BD8ABF0690C08A755E7A4A0F /* Pods_blaze.framework */,
			);
			name = Frameworks;
			sourceTree = "<group>";
		};
		A1EC64F974B99C714262E012 /* Pods */ = {
			isa = PBXGroup;
			children = (
				5F7B30BF2B27FF628F0D9D5F /* Pods-blaze.debug.xcconfig */,
				5F23D83417071FE5B2BCDE7A /* Pods-blaze.release.xcconfig */,
			);
			name = Pods;
			sourceTree = "<group>";
		};
		DE2F679822A1077D00CD4787 /* View */ = {
			isa = PBXGroup;
			children = (
				DE2F67D422A1A3E000CD4787 /* Registration */,
				DE2F679B22A107B100CD4787 /* InitializationViewController.h */,
				DE2F679C22A107B100CD4787 /* InitializationViewController.m */,
				DE2F67CB22A16FF600CD4787 /* LoginViewController.h */,
				DE2F67CC22A16FF600CD4787 /* LoginViewController.m */,
			);
			path = View;
			sourceTree = "<group>";
		};
		DE2F679922A1078400CD4787 /* ViewModel */ = {
			isa = PBXGroup;
			children = (
			);
			path = ViewModel;
			sourceTree = "<group>";
		};
		DE2F679A22A1078A00CD4787 /* Model */ = {
			isa = PBXGroup;
			children = (
			);
			path = Model;
			sourceTree = "<group>";
		};
		DE2F67C622A16C9200CD4787 /* Base */ = {
			isa = PBXGroup;
			children = (
				DE2F67C722A16C9A00CD4787 /* BaseViewController */,
				DE18CC6822A3A86D00E03FFB /* UtilitiesColouring.h */,
				DE18CC6922A3A86D00E03FFB /* UtilitiesColouring.m */,
			);
			path = Base;
			sourceTree = "<group>";
		};
		DE2F67C722A16C9A00CD4787 /* BaseViewController */ = {
			isa = PBXGroup;
			children = (
				DE2F67C822A16CAB00CD4787 /* BaseViewController.h */,
				DE2F67C922A16CAB00CD4787 /* BaseViewController.m */,
			);
			path = BaseViewController;
			sourceTree = "<group>";
		};
		DE2F67CE22A1741E00CD4787 /* UICustom */ = {
			isa = PBXGroup;
			children = (
				DE2F67D022A1752200CD4787 /* UIButton */,
				DE2F67CF22A1742A00CD4787 /* UITextBox */,
			);
			path = UICustom;
			sourceTree = "<group>";
		};
		DE2F67CF22A1742A00CD4787 /* UITextBox */ = {
			isa = PBXGroup;
			children = (
				DE18CC7722A3CE5900E03FFB /* BlazeUITextField.h */,
				DE18CC7822A3CE5900E03FFB /* BlazeUITextField.m */,
				DE18CC8322A6228800E03FFB /* BlazeDropDownTextField.h */,
				DE18CC8422A6228800E03FFB /* BlazeDropDownTextField.m */,
			);
			path = UITextBox;
			sourceTree = "<group>";
		};
		DE2F67D022A1752200CD4787 /* UIButton */ = {
			isa = PBXGroup;
			children = (
				DE18CC7122A3CE0000E03FFB /* BlazeBlackButton.h */,
				DE18CC7222A3CE0000E03FFB /* BlazeBlackButton.m */,
				DE18CC7422A3CE1C00E03FFB /* BlazeClearButton.h */,
				DE18CC7522A3CE1C00E03FFB /* BlazeClearButton.m */,
				DE18CC7A22A3CF2200E03FFB /* BlazeYellowButton.h */,
				DE18CC7B22A3CF2200E03FFB /* BlazeYellowButton.m */,
				DE18CC7D22A3D0BA00E03FFB /* BlazeWhiteButton.h */,
				DE18CC7E22A3D0BA00E03FFB /* BlazeWhiteButton.m */,
				DE18CC8022A3D27C00E03FFB /* BlazeToogleButtonTemplate.h */,
				DE18CC8122A3D27C00E03FFB /* BlazeToogleButtonTemplate.m */,
			);
			path = UIButton;
			sourceTree = "<group>";
		};
		DE2F67D422A1A3E000CD4787 /* Registration */ = {
			isa = PBXGroup;
			children = (
				DE2F67D122A1A3DB00CD4787 /* RegisterStepOneViewController.h */,
				DE2F67D222A1A3DB00CD4787 /* RegisterStepOneViewController.m */,
				DE2F67D522A1A88600CD4787 /* RegistrationStepTwoViewController.h */,
				DE2F67D622A1A88600CD4787 /* RegistrationStepTwoViewController.m */,
				DE2F67D822A1A89700CD4787 /* RegistrationStepThreeViewController.h */,
				DE2F67D922A1A89700CD4787 /* RegistrationStepThreeViewController.m */,
				DE2F67DB22A1ADD500CD4787 /* PhoneNumberRegistrationViewController.h */,
				DE2F67DC22A1ADD500CD4787 /* PhoneNumberRegistrationViewController.m */,
			);
			path = Registration;
			sourceTree = "<group>";
		};
		DE7E15AE229C297900100B81 = {
			isa = PBXGroup;
			children = (
				DE7E15B9229C297900100B81 /* blaze */,
				DE7E15B8229C297900100B81 /* Products */,
				A1EC64F974B99C714262E012 /* Pods */,
				7E6FFCE003EAF9A18A848AA3 /* Frameworks */,
			);
			sourceTree = "<group>";
		};
		DE7E15B8229C297900100B81 /* Products */ = {
			isa = PBXGroup;
			children = (
				DE7E15B7229C297900100B81 /* blaze.app */,
			);
			name = Products;
			sourceTree = "<group>";
		};
		DE7E15B9229C297900100B81 /* blaze */ = {
			isa = PBXGroup;
			children = (
				DE2F67CE22A1741E00CD4787 /* UICustom */,
				DE2F67C622A16C9200CD4787 /* Base */,
				DE2F679A22A1078A00CD4787 /* Model */,
				DE2F679922A1078400CD4787 /* ViewModel */,
				DE2F679822A1077D00CD4787 /* View */,
				DE7E15BA229C297900100B81 /* AppDelegate.h */,
				DE7E15BB229C297900100B81 /* AppDelegate.m */,
				DE7E15BD229C297900100B81 /* ViewController.h */,
				DE7E15BE229C297900100B81 /* ViewController.m */,
				DE7E15C0229C297900100B81 /* Main.storyboard */,
				DE7E15C3229C297B00100B81 /* Assets.xcassets */,
				DE7E15C5229C297B00100B81 /* LaunchScreen.storyboard */,
				DE7E15C8229C297B00100B81 /* Info.plist */,
				DE7E15C9229C297B00100B81 /* main.m */,
			);
			path = blaze;
			sourceTree = "<group>";
		};
/* End PBXGroup section */

/* Begin PBXNativeTarget section */
		DE7E15B6229C297900100B81 /* blaze */ = {
			isa = PBXNativeTarget;
			buildConfigurationList = DE7E15CD229C297B00100B81 /* Build configuration list for PBXNativeTarget "blaze" */;
			buildPhases = (
				393726F155CCC5879ED2A797 /* [CP] Check Pods Manifest.lock */,
				DE7E15B3229C297900100B81 /* Sources */,
				DE7E15B4229C297900100B81 /* Frameworks */,
				DE7E15B5229C297900100B81 /* Resources */,
				5A5BDFFB918983315975B77D /* [CP] Embed Pods Frameworks */,
			);
			buildRules = (
			);
			dependencies = (
			);
			name = blaze;
			productName = blaze;
			productReference = DE7E15B7229C297900100B81 /* blaze.app */;
			productType = "com.apple.product-type.application";
		};
/* End PBXNativeTarget section */

/* Begin PBXProject section */
		DE7E15AF229C297900100B81 /* Project object */ = {
			isa = PBXProject;
			attributes = {
				LastUpgradeCheck = 1010;
				ORGANIZATIONNAME = gid;
				TargetAttributes = {
					DE7E15B6229C297900100B81 = {
						CreatedOnToolsVersion = 10.1;
					};
				};
			};
			buildConfigurationList = DE7E15B2229C297900100B81 /* Build configuration list for PBXProject "blaze" */;
			compatibilityVersion = "Xcode 9.3";
			developmentRegion = en;
			hasScannedForEncodings = 0;
			knownRegions = (
				en,
				Base,
			);
			mainGroup = DE7E15AE229C297900100B81;
			productRefGroup = DE7E15B8229C297900100B81 /* Products */;
			projectDirPath = "";
			projectRoot = "";
			targets = (
				DE7E15B6229C297900100B81 /* blaze */,
			);
		};
/* End PBXProject section */

/* Begin PBXResourcesBuildPhase section */
		DE7E15B5229C297900100B81 /* Resources */ = {
			isa = PBXResourcesBuildPhase;
			buildActionMask = 2147483647;
			files = (
				DE7E15C7229C297B00100B81 /* LaunchScreen.storyboard in Resources */,
				DE7E15C4229C297B00100B81 /* Assets.xcassets in Resources */,
				DE7E15C2229C297900100B81 /* Main.storyboard in Resources */,
			);
			runOnlyForDeploymentPostprocessing = 0;
		};
/* End PBXResourcesBuildPhase section */

/* Begin PBXShellScriptBuildPhase section */
		393726F155CCC5879ED2A797 /* [CP] Check Pods Manifest.lock */ = {
			isa = PBXShellScriptBuildPhase;
			buildActionMask = 2147483647;
			files = (
			);
			inputFileListPaths = (
			);
			inputPaths = (
				"${PODS_PODFILE_DIR_PATH}/Podfile.lock",
				"${PODS_ROOT}/Manifest.lock",
			);
			name = "[CP] Check Pods Manifest.lock";
			outputFileListPaths = (
			);
			outputPaths = (
				"$(DERIVED_FILE_DIR)/Pods-blaze-checkManifestLockResult.txt",
			);
			runOnlyForDeploymentPostprocessing = 0;
			shellPath = /bin/sh;
			shellScript = "diff \"${PODS_PODFILE_DIR_PATH}/Podfile.lock\" \"${PODS_ROOT}/Manifest.lock\" > /dev/null\nif [ $? != 0 ] ; then\n    # print error to STDERR\n    echo \"error: The sandbox is not in sync with the Podfile.lock. Run 'pod install' or update your CocoaPods installation.\" >&2\n    exit 1\nfi\n# This output is used by Xcode 'outputs' to avoid re-running this script phase.\necho \"SUCCESS\" > \"${SCRIPT_OUTPUT_FILE_0}\"\n";
			showEnvVarsInLog = 0;
		};
		5A5BDFFB918983315975B77D /* [CP] Embed Pods Frameworks */ = {
			isa = PBXShellScriptBuildPhase;
			buildActionMask = 2147483647;
			files = (
			);
			inputFileListPaths = (
			);
			inputPaths = (
				"${SRCROOT}/Pods/Target Support Files/Pods-blaze/Pods-blaze-frameworks.sh",
				"${BUILT_PRODUCTS_DIR}/AFNetworking/AFNetworking.framework",
				"${BUILT_PRODUCTS_DIR}/ActionSheetPicker-3.0/ActionSheetPicker_3_0.framework",
				"${BUILT_PRODUCTS_DIR}/JSONModel/JSONModel.framework",
			);
			name = "[CP] Embed Pods Frameworks";
			outputFileListPaths = (
			);
			outputPaths = (
				"${TARGET_BUILD_DIR}/${FRAMEWORKS_FOLDER_PATH}/AFNetworking.framework",
				"${TARGET_BUILD_DIR}/${FRAMEWORKS_FOLDER_PATH}/ActionSheetPicker_3_0.framework",
				"${TARGET_BUILD_DIR}/${FRAMEWORKS_FOLDER_PATH}/JSONModel.framework",
			);
			runOnlyForDeploymentPostprocessing = 0;
			shellPath = /bin/sh;
			shellScript = "\"${SRCROOT}/Pods/Target Support Files/Pods-blaze/Pods-blaze-frameworks.sh\"\n";
			showEnvVarsInLog = 0;
		};
/* End PBXShellScriptBuildPhase section */

/* Begin PBXSourcesBuildPhase section */
		DE7E15B3229C297900100B81 /* Sources */ = {
			isa = PBXSourcesBuildPhase;
			buildActionMask = 2147483647;
			files = (
				DE18CC7C22A3CF2200E03FFB /* BlazeYellowButton.m in Sources */,
				DE2F679D22A107B100CD4787 /* InitializationViewController.m in Sources */,
				DE18CC6A22A3A86D00E03FFB /* UtilitiesColouring.m in Sources */,
				DE2F67DD22A1ADD500CD4787 /* PhoneNumberRegistrationViewController.m in Sources */,
				DE2F67CA22A16CAB00CD4787 /* BaseViewController.m in Sources */,
				DE18CC8522A6228800E03FFB /* BlazeDropDownTextField.m in Sources */,
				DE18CC7622A3CE1C00E03FFB /* BlazeClearButton.m in Sources */,
				DE18CC8222A3D27C00E03FFB /* BlazeToogleButtonTemplate.m in Sources */,
				DE2F67DA22A1A89700CD4787 /* RegistrationStepThreeViewController.m in Sources */,
				DE18CC7322A3CE0000E03FFB /* BlazeBlackButton.m in Sources */,
				DE18CC7F22A3D0BA00E03FFB /* BlazeWhiteButton.m in Sources */,
				DE2F67CD22A16FF600CD4787 /* LoginViewController.m in Sources */,
				DE7E15BF229C297900100B81 /* ViewController.m in Sources */,
				DE2F67D322A1A3DB00CD4787 /* RegisterStepOneViewController.m in Sources */,
				DE18CC7922A3CE5900E03FFB /* BlazeUITextField.m in Sources */,
				DE7E15CA229C297B00100B81 /* main.m in Sources */,
				DE2F67D722A1A88600CD4787 /* RegistrationStepTwoViewController.m in Sources */,
				DE7E15BC229C297900100B81 /* AppDelegate.m in Sources */,
			);
			runOnlyForDeploymentPostprocessing = 0;
		};
/* End PBXSourcesBuildPhase section */

/* Begin PBXVariantGroup section */
		DE7E15C0229C297900100B81 /* Main.storyboard */ = {
			isa = PBXVariantGroup;
			children = (
				DE7E15C1229C297900100B81 /* Base */,
			);
			name = Main.storyboard;
			sourceTree = "<group>";
		};
		DE7E15C5229C297B00100B81 /* LaunchScreen.storyboard */ = {
			isa = PBXVariantGroup;
			children = (
				DE7E15C6229C297B00100B81 /* Base */,
			);
			name = LaunchScreen.storyboard;
			sourceTree = "<group>";
		};
/* End PBXVariantGroup section */

/* Begin XCBuildConfiguration section */
		DE7E15CB229C297B00100B81 /* Debug */ = {
			isa = XCBuildConfiguration;
			buildSettings = {
				ALWAYS_SEARCH_USER_PATHS = NO;
				CLANG_ANALYZER_NONNULL = YES;
				CLANG_ANALYZER_NUMBER_OBJECT_CONVERSION = YES_AGGRESSIVE;
				CLANG_CXX_LANGUAGE_STANDARD = "gnu++14";
				CLANG_CXX_LIBRARY = "libc++";
				CLANG_ENABLE_MODULES = YES;
				CLANG_ENABLE_OBJC_ARC = YES;
				CLANG_ENABLE_OBJC_WEAK = YES;
				CLANG_WARN_BLOCK_CAPTURE_AUTORELEASING = YES;
				CLANG_WARN_BOOL_CONVERSION = YES;
				CLANG_WARN_COMMA = YES;
				CLANG_WARN_CONSTANT_CONVERSION = YES;
				CLANG_WARN_DEPRECATED_OBJC_IMPLEMENTATIONS = YES;
				CLANG_WARN_DIRECT_OBJC_ISA_USAGE = YES_ERROR;
				CLANG_WARN_DOCUMENTATION_COMMENTS = YES;
				CLANG_WARN_EMPTY_BODY = YES;
				CLANG_WARN_ENUM_CONVERSION = YES;
				CLANG_WARN_INFINITE_RECURSION = YES;
				CLANG_WARN_INT_CONVERSION = YES;
				CLANG_WARN_NON_LITERAL_NULL_CONVERSION = YES;
				CLANG_WARN_OBJC_IMPLICIT_RETAIN_SELF = YES;
				CLANG_WARN_OBJC_LITERAL_CONVERSION = YES;
				CLANG_WARN_OBJC_ROOT_CLASS = YES_ERROR;
				CLANG_WARN_RANGE_LOOP_ANALYSIS = YES;
				CLANG_WARN_STRICT_PROTOTYPES = YES;
				CLANG_WARN_SUSPICIOUS_MOVE = YES;
				CLANG_WARN_UNGUARDED_AVAILABILITY = YES_AGGRESSIVE;
				CLANG_WARN_UNREACHABLE_CODE = YES;
				CLANG_WARN__DUPLICATE_METHOD_MATCH = YES;
				CODE_SIGN_IDENTITY = "iPhone Developer";
				COPY_PHASE_STRIP = NO;
				DEBUG_INFORMATION_FORMAT = dwarf;
				ENABLE_STRICT_OBJC_MSGSEND = YES;
				ENABLE_TESTABILITY = YES;
				GCC_C_LANGUAGE_STANDARD = gnu11;
				GCC_DYNAMIC_NO_PIC = NO;
				GCC_NO_COMMON_BLOCKS = YES;
				GCC_OPTIMIZATION_LEVEL = 0;
				GCC_PREPROCESSOR_DEFINITIONS = (
					"DEBUG=1",
					"$(inherited)",
				);
				GCC_WARN_64_TO_32_BIT_CONVERSION = YES;
				GCC_WARN_ABOUT_RETURN_TYPE = YES_ERROR;
				GCC_WARN_UNDECLARED_SELECTOR = YES;
				GCC_WARN_UNINITIALIZED_AUTOS = YES_AGGRESSIVE;
				GCC_WARN_UNUSED_FUNCTION = YES;
				GCC_WARN_UNUSED_VARIABLE = YES;
				IPHONEOS_DEPLOYMENT_TARGET = 12.1;
				MTL_ENABLE_DEBUG_INFO = INCLUDE_SOURCE;
				MTL_FAST_MATH = YES;
				ONLY_ACTIVE_ARCH = YES;
				SDKROOT = iphoneos;
			};
			name = Debug;
		};
		DE7E15CC229C297B00100B81 /* Release */ = {
			isa = XCBuildConfiguration;
			buildSettings = {
				ALWAYS_SEARCH_USER_PATHS = NO;
				CLANG_ANALYZER_NONNULL = YES;
				CLANG_ANALYZER_NUMBER_OBJECT_CONVERSION = YES_AGGRESSIVE;
				CLANG_CXX_LANGUAGE_STANDARD = "gnu++14";
				CLANG_CXX_LIBRARY = "libc++";
				CLANG_ENABLE_MODULES = YES;
				CLANG_ENABLE_OBJC_ARC = YES;
				CLANG_ENABLE_OBJC_WEAK = YES;
				CLANG_WARN_BLOCK_CAPTURE_AUTORELEASING = YES;
				CLANG_WARN_BOOL_CONVERSION = YES;
				CLANG_WARN_COMMA = YES;
				CLANG_WARN_CONSTANT_CONVERSION = YES;
				CLANG_WARN_DEPRECATED_OBJC_IMPLEMENTATIONS = YES;
				CLANG_WARN_DIRECT_OBJC_ISA_USAGE = YES_ERROR;
				CLANG_WARN_DOCUMENTATION_COMMENTS = YES;
				CLANG_WARN_EMPTY_BODY = YES;
				CLANG_WARN_ENUM_CONVERSION = YES;
				CLANG_WARN_INFINITE_RECURSION = YES;
				CLANG_WARN_INT_CONVERSION = YES;
				CLANG_WARN_NON_LITERAL_NULL_CONVERSION = YES;
				CLANG_WARN_OBJC_IMPLICIT_RETAIN_SELF = YES;
				CLANG_WARN_OBJC_LITERAL_CONVERSION = YES;
				CLANG_WARN_OBJC_ROOT_CLASS = YES_ERROR;
				CLANG_WARN_RANGE_LOOP_ANALYSIS = YES;
				CLANG_WARN_STRICT_PROTOTYPES = YES;
				CLANG_WARN_SUSPICIOUS_MOVE = YES;
				CLANG_WARN_UNGUARDED_AVAILABILITY = YES_AGGRESSIVE;
				CLANG_WARN_UNREACHABLE_CODE = YES;
				CLANG_WARN__DUPLICATE_METHOD_MATCH = YES;
				CODE_SIGN_IDENTITY = "iPhone Developer";
				COPY_PHASE_STRIP = NO;
				DEBUG_INFORMATION_FORMAT = "dwarf-with-dsym";
				ENABLE_NS_ASSERTIONS = NO;
				ENABLE_STRICT_OBJC_MSGSEND = YES;
				GCC_C_LANGUAGE_STANDARD = gnu11;
				GCC_NO_COMMON_BLOCKS = YES;
				GCC_WARN_64_TO_32_BIT_CONVERSION = YES;
				GCC_WARN_ABOUT_RETURN_TYPE = YES_ERROR;
				GCC_WARN_UNDECLARED_SELECTOR = YES;
				GCC_WARN_UNINITIALIZED_AUTOS = YES_AGGRESSIVE;
				GCC_WARN_UNUSED_FUNCTION = YES;
				GCC_WARN_UNUSED_VARIABLE = YES;
				IPHONEOS_DEPLOYMENT_TARGET = 12.1;
				MTL_ENABLE_DEBUG_INFO = NO;
				MTL_FAST_MATH = YES;
				SDKROOT = iphoneos;
				VALIDATE_PRODUCT = YES;
			};
			name = Release;
		};
		DE7E15CE229C297B00100B81 /* Debug */ = {
			isa = XCBuildConfiguration;
			baseConfigurationReference = 5F7B30BF2B27FF628F0D9D5F /* Pods-blaze.debug.xcconfig */;
			buildSettings = {
				ASSETCATALOG_COMPILER_APPICON_NAME = AppIcon;
				CODE_SIGN_STYLE = Automatic;
				DEVELOPMENT_TEAM = P9E3SV7XKM;
				INFOPLIST_FILE = blaze/Info.plist;
				LD_RUNPATH_SEARCH_PATHS = (
					"$(inherited)",
					"@executable_path/Frameworks",
				);
				PRODUCT_BUNDLE_IDENTIFIER = com.gid.blaze;
				PRODUCT_NAME = "$(TARGET_NAME)";
				TARGETED_DEVICE_FAMILY = 1;
			};
			name = Debug;
		};
		DE7E15CF229C297B00100B81 /* Release */ = {
			isa = XCBuildConfiguration;
			baseConfigurationReference = 5F23D83417071FE5B2BCDE7A /* Pods-blaze.release.xcconfig */;
			buildSettings = {
				ASSETCATALOG_COMPILER_APPICON_NAME = AppIcon;
				CODE_SIGN_STYLE = Automatic;
				DEVELOPMENT_TEAM = P9E3SV7XKM;
				INFOPLIST_FILE = blaze/Info.plist;
				LD_RUNPATH_SEARCH_PATHS = (
					"$(inherited)",
					"@executable_path/Frameworks",
				);
				PRODUCT_BUNDLE_IDENTIFIER = com.gid.blaze;
				PRODUCT_NAME = "$(TARGET_NAME)";
				TARGETED_DEVICE_FAMILY = 1;
			};
			name = Release;
		};
/* End XCBuildConfiguration section */

/* Begin XCConfigurationList section */
		DE7E15B2229C297900100B81 /* Build configuration list for PBXProject "blaze" */ = {
			isa = XCConfigurationList;
			buildConfigurations = (
				DE7E15CB229C297B00100B81 /* Debug */,
				DE7E15CC229C297B00100B81 /* Release */,
			);
			defaultConfigurationIsVisible = 0;
			defaultConfigurationName = Release;
		};
		DE7E15CD229C297B00100B81 /* Build configuration list for PBXNativeTarget "blaze" */ = {
			isa = XCConfigurationList;
			buildConfigurations = (
				DE7E15CE229C297B00100B81 /* Debug */,
				DE7E15CF229C297B00100B81 /* Release */,
			);
			defaultConfigurationIsVisible = 0;
			defaultConfigurationName = Release;
		};
/* End XCConfigurationList section */
	};
	rootObject = DE7E15AF229C297900100B81 /* Project object */;
}
